
Microsoft Visual Studio Solution File, Format Version 12.00
# Visual Studio Version 17
VisualStudioVersion = 17.6.33829.357
MinimumVisualStudioVersion = 10.0.40219.1
Project("{FAE04EC0-301F-11D3-BF4B-00C04F79EFBC}") = "Async Product API Project", "Async Product API Project\Async Product API Project.csproj", "{A54658A7-5C7F-41AF-89E7-0D5A3FD7078C}"
EndProject
Global
	GlobalSection(SolutionConfigurationPlatforms) = preSolution
		Debug|Any CPU = Debug|Any CPU
		Release|Any CPU = Release|Any CPU
	EndGlobalSection
	GlobalSection(ProjectConfigurationPlatforms) = postSolution
		{A54658A7-5C7F-41AF-89E7-0D5A3FD7078C}.Debug|Any CPU.ActiveCfg = Debug|Any CPU
		{A54658A7-5C7F-41AF-89E7-0D5A3FD7078C}.Debug|Any CPU.Build.0 = Debug|Any CPU
		{A54658A7-5C7F-41AF-89E7-0D5A3FD7078C}.Release|Any CPU.ActiveCfg = Release|Any CPU
		{A54658A7-5C7F-41AF-89E7-0D5A3FD7078C}.Release|Any CPU.Build.0 = Release|Any CPU
	EndGlobalSection
	GlobalSection(SolutionProperties) = preSolution
		HideSolutionNode = FALSE
	EndGlobalSection
	GlobalSection(ExtensibilityGlobals) = postSolution
		SolutionGuid = {B2094CE6-8696-4E8B-8B6D-92B55B93EA2E}
	EndGlobalSection
EndGlobal
